
Microsoft Visual Studio Solution File, Format Version 12.00
# Visual Studio Version 16
VisualStudioVersion = 16.0.30804.86
MinimumVisualStudioVersion = 10.0.40219.1
Project("{9A19103F-16F7-4668-BE54-9A1E7A4F7556}") = "Ternary_operation", "Training\Ternary_operation.csproj", "{419C45AA-511C-420C-A21A-D9E618FC2A59}"
EndProject
Project("{9A19103F-16F7-4668-BE54-9A1E7A4F7556}") = "Counter", "Counter\Counter.csproj", "{8E6D6160-11F3-4D73-BAD6-BA1883C79008}"
EndProject
Project("{9A19103F-16F7-4668-BE54-9A1E7A4F7556}") = "Arrays", "Cycles\Arrays.csproj", "{6665D4AA-73F2-47A8-B351-1165B8AC5C43}"
EndProject
Project("{9A19103F-16F7-4668-BE54-9A1E7A4F7556}") = "Two-dimensional_arrays", "two-dimensional_arrays\Two-dimensional_arrays.csproj", "{468E3E9A-5CE4-4286-AF37-AC0D99E595CB}"
EndProject
Project("{9A19103F-16F7-4668-BE54-9A1E7A4F7556}") = "Three-dimensional_array", "Three-dimensional_array\Three-dimensional_array.csproj", "{09E8476F-3585-4019-B023-F0BA1C7A0BE6}"
EndProject
Project("{9A19103F-16F7-4668-BE54-9A1E7A4F7556}") = "Methods", "Methods\Methods.csproj", "{5DB0CBE4-0702-4D0F-8B50-7C7B5B1E454A}"
EndProject
Project("{9A19103F-16F7-4668-BE54-9A1E7A4F7556}") = "Method_hw1", "Method_hw1\Method_hw1.csproj", "{E62219CB-A9DB-48BC-97CB-349E087E8F20}"
EndProject
Project("{9A19103F-16F7-4668-BE54-9A1E7A4F7556}") = "Method_hw2", "Method_hw2\Method_hw2.csproj", "{0E2BE6FE-60D9-46EF-BA6F-AAC557B4E895}"
EndProject
Project("{FAE04EC0-301F-11D3-BF4B-00C04F79EFBC}") = "Enum_Lesson", "Enum_Lesson\Enum_Lesson.csproj", "{A2204B80-DF1F-4EBD-A7A6-D528F0B42D71}"
EndProject
Global
	GlobalSection(SolutionConfigurationPlatforms) = preSolution
		Debug|Any CPU = Debug|Any CPU
		Release|Any CPU = Release|Any CPU
	EndGlobalSection
	GlobalSection(ProjectConfigurationPlatforms) = postSolution
		{419C45AA-511C-420C-A21A-D9E618FC2A59}.Debug|Any CPU.ActiveCfg = Debug|Any CPU
		{419C45AA-511C-420C-A21A-D9E618FC2A59}.Debug|Any CPU.Build.0 = Debug|Any CPU
		{419C45AA-511C-420C-A21A-D9E618FC2A59}.Release|Any CPU.ActiveCfg = Release|Any CPU
		{419C45AA-511C-420C-A21A-D9E618FC2A59}.Release|Any CPU.Build.0 = Release|Any CPU
		{8E6D6160-11F3-4D73-BAD6-BA1883C79008}.Debug|Any CPU.ActiveCfg = Debug|Any CPU
		{8E6D6160-11F3-4D73-BAD6-BA1883C79008}.Debug|Any CPU.Build.0 = Debug|Any CPU
		{8E6D6160-11F3-4D73-BAD6-BA1883C79008}.Release|Any CPU.ActiveCfg = Release|Any CPU
		{8E6D6160-11F3-4D73-BAD6-BA1883C79008}.Release|Any CPU.Build.0 = Release|Any CPU
		{6665D4AA-73F2-47A8-B351-1165B8AC5C43}.Debug|Any CPU.ActiveCfg = Debug|Any CPU
		{6665D4AA-73F2-47A8-B351-1165B8AC5C43}.Debug|Any CPU.Build.0 = Debug|Any CPU
		{6665D4AA-73F2-47A8-B351-1165B8AC5C43}.Release|Any CPU.ActiveCfg = Release|Any CPU
		{6665D4AA-73F2-47A8-B351-1165B8AC5C43}.Release|Any CPU.Build.0 = Release|Any CPU
		{468E3E9A-5CE4-4286-AF37-AC0D99E595CB}.Debug|Any CPU.ActiveCfg = Debug|Any CPU
		{468E3E9A-5CE4-4286-AF37-AC0D99E595CB}.Debug|Any CPU.Build.0 = Debug|Any CPU
		{468E3E9A-5CE4-4286-AF37-AC0D99E595CB}.Release|Any CPU.ActiveCfg = Release|Any CPU
		{468E3E9A-5CE4-4286-AF37-AC0D99E595CB}.Release|Any CPU.Build.0 = Release|Any CPU
		{09E8476F-3585-4019-B023-F0BA1C7A0BE6}.Debug|Any CPU.ActiveCfg = Debug|Any CPU
		{09E8476F-3585-4019-B023-F0BA1C7A0BE6}.Debug|Any CPU.Build.0 = Debug|Any CPU
		{09E8476F-3585-4019-B023-F0BA1C7A0BE6}.Release|Any CPU.ActiveCfg = Release|Any CPU
		{09E8476F-3585-4019-B023-F0BA1C7A0BE6}.Release|Any CPU.Build.0 = Release|Any CPU
		{5DB0CBE4-0702-4D0F-8B50-7C7B5B1E454A}.Debug|Any CPU.ActiveCfg = Debug|Any CPU
		{5DB0CBE4-0702-4D0F-8B50-7C7B5B1E454A}.Debug|Any CPU.Build.0 = Debug|Any CPU
		{5DB0CBE4-0702-4D0F-8B50-7C7B5B1E454A}.Release|Any CPU.ActiveCfg = Release|Any CPU
		{5DB0CBE4-0702-4D0F-8B50-7C7B5B1E454A}.Release|Any CPU.Build.0 = Release|Any CPU
		{E62219CB-A9DB-48BC-97CB-349E087E8F20}.Debug|Any CPU.ActiveCfg = Debug|Any CPU
		{E62219CB-A9DB-48BC-97CB-349E087E8F20}.Debug|Any CPU.Build.0 = Debug|Any CPU
		{E62219CB-A9DB-48BC-97CB-349E087E8F20}.Release|Any CPU.ActiveCfg = Release|Any CPU
		{E62219CB-A9DB-48BC-97CB-349E087E8F20}.Release|Any CPU.Build.0 = Release|Any CPU
		{0E2BE6FE-60D9-46EF-BA6F-AAC557B4E895}.Debug|Any CPU.ActiveCfg = Debug|Any CPU
		{0E2BE6FE-60D9-46EF-BA6F-AAC557B4E895}.Debug|Any CPU.Build.0 = Debug|Any CPU
		{0E2BE6FE-60D9-46EF-BA6F-AAC557B4E895}.Release|Any CPU.ActiveCfg = Release|Any CPU
		{0E2BE6FE-60D9-46EF-BA6F-AAC557B4E895}.Release|Any CPU.Build.0 = Release|Any CPU
		{A2204B80-DF1F-4EBD-A7A6-D528F0B42D71}.Debug|Any CPU.ActiveCfg = Debug|Any CPU
		{A2204B80-DF1F-4EBD-A7A6-D528F0B42D71}.Debug|Any CPU.Build.0 = Debug|Any CPU
		{A2204B80-DF1F-4EBD-A7A6-D528F0B42D71}.Release|Any CPU.ActiveCfg = Release|Any CPU
		{A2204B80-DF1F-4EBD-A7A6-D528F0B42D71}.Release|Any CPU.Build.0 = Release|Any CPU
	EndGlobalSection
	GlobalSection(SolutionProperties) = preSolution
		HideSolutionNode = FALSE
	EndGlobalSection
	GlobalSection(ExtensibilityGlobals) = postSolution
		SolutionGuid = {10900DB5-5CF6-46BA-84D5-9C3B80EA5B94}
	EndGlobalSection
EndGlobal
