
Microsoft Visual Studio Solution File, Format Version 12.00
# Visual Studio Version 16
VisualStudioVersion = 16.0.30804.86
MinimumVisualStudioVersion = 10.0.40219.1
Project("{9A19103F-16F7-4668-BE54-9A1E7A4F7556}") = "Ternary_operation", "Training\Ternary_operation.csproj", "{419C45AA-511C-420C-A21A-D9E618FC2A59}"
EndProject
Project("{9A19103F-16F7-4668-BE54-9A1E7A4F7556}") = "Counter", "Counter\Counter.csproj", "{8E6D6160-11F3-4D73-BAD6-BA1883C79008}"
EndProject
Project("{9A19103F-16F7-4668-BE54-9A1E7A4F7556}") = "Arrays", "Cycles\Arrays.csproj", "{6665D4AA-73F2-47A8-B351-1165B8AC5C43}"
EndProject
Project("{9A19103F-16F7-4668-BE54-9A1E7A4F7556}") = "Two-dimensional_arrays", "two-dimensional_arrays\Two-dimensional_arrays.csproj", "{468E3E9A-5CE4-4286-AF37-AC0D99E595CB}"
EndProject
Project("{9A19103F-16F7-4668-BE54-9A1E7A4F7556}") = "Three-dimensional_array", "Three-dimensional_array\Three-dimensional_array.csproj", "{09E8476F-3585-4019-B023-F0BA1C7A0BE6}"
EndProject
Project("{9A19103F-16F7-4668-BE54-9A1E7A4F7556}") = "Methods", "Methods\Methods.csproj", "{5DB0CBE4-0702-4D0F-8B50-7C7B5B1E454A}"
EndProject
Project("{9A19103F-16F7-4668-BE54-9A1E7A4F7556}") = "Method_hw1", "Method_hw1\Method_hw1.csproj", "{E62219CB-A9DB-48BC-97CB-349E087E8F20}"
EndProject
Project("{9A19103F-16F7-4668-BE54-9A1E7A4F7556}") = "Method_hw2", "Method_hw2\Method_hw2.csproj", "{0E2BE6FE-60D9-46EF-BA6F-AAC557B4E895}"
EndProject
Project("{9A19103F-16F7-4668-BE54-9A1E7A4F7556}") = "Enum_Lesson", "Enum_Lesson\Enum_Lesson.csproj", "{A2204B80-DF1F-4EBD-A7A6-D528F0B42D71}"
EndProject
Project("{9A19103F-16F7-4668-BE54-9A1E7A4F7556}") = "Tuple_Lesson", "Tuple_Lesson\Tuple_Lesson.csproj", "{0CF2FC39-2BE4-4C0C-8CEB-56221B3C117D}"
EndProject
Project("{9A19103F-16F7-4668-BE54-9A1E7A4F7556}") = "Null_Lesson", "Null_Lesson\Null_Lesson.csproj", "{75924E90-FE71-4695-8F5F-B0FBE6F9BD0D}"
EndProject
Project("{9A19103F-16F7-4668-BE54-9A1E7A4F7556}") = "Resize_Lesson", "Ref_Lesson\Resize_Lesson.csproj", "{EBFDA993-3234-4DBC-952C-66693A76B93E}"
EndProject
Project("{9A19103F-16F7-4668-BE54-9A1E7A4F7556}") = "Add_an_element_to_the_array_Lesson", "ConsoleApp1\Add_an_element_to_the_array_Lesson.csproj", "{3E8195B0-9213-4ECC-B5E0-995F33398DCB}"
EndProject
Project("{9A19103F-16F7-4668-BE54-9A1E7A4F7556}") = "Delete_an_element_to_the_array", "Delete_an_element_to_the_array\Delete_an_element_to_the_array.csproj", "{6787DDE9-F02C-43E3-8D68-473F114B37C8}"
EndProject
Project("{9A19103F-16F7-4668-BE54-9A1E7A4F7556}") = "Out_Lesson", "Out_Lesson\Out_Lesson.csproj", "{60725083-4A40-4945-B08E-EA69C33A5450}"
EndProject
Project("{9A19103F-16F7-4668-BE54-9A1E7A4F7556}") = "IN_Lesson", "IN_Lesson\IN_Lesson.csproj", "{A1CF846D-2677-4B13-8002-A31C95648B23}"
EndProject
Project("{9A19103F-16F7-4668-BE54-9A1E7A4F7556}") = "IN_Lesson2", "IN_Lesson2\IN_Lesson2.csproj", "{156144D0-62F9-4955-A03C-CF693BF8B6A8}"
EndProject
Project("{9A19103F-16F7-4668-BE54-9A1E7A4F7556}") = "StopWatch_Lesson", "StopWatch_Lesson\StopWatch_Lesson.csproj", "{DC975F2A-94FE-4B21-9546-60BF934FEB09}"
EndProject
Project("{9A19103F-16F7-4668-BE54-9A1E7A4F7556}") = "Params_Lesson", "Params_Lesson\Params_Lesson.csproj", "{E3283C0F-56F8-4794-9198-AB11BC31CED8}"
EndProject
Project("{9A19103F-16F7-4668-BE54-9A1E7A4F7556}") = "48_Lesson", "48_Lesson\48_Lesson.csproj", "{D30BF512-CD93-4AAA-B052-BB4A6FCDF0C5}"
EndProject
Project("{9A19103F-16F7-4668-BE54-9A1E7A4F7556}") = "49_Lesson", "49_Lesson\49_Lesson.csproj", "{6F880538-E4B1-4161-B568-6560E7B1F754}"
EndProject
Project("{9A19103F-16F7-4668-BE54-9A1E7A4F7556}") = "49_Lesson2", "49_Lesson2\49_Lesson2.csproj", "{B48434A1-BC4D-4EC1-B112-DAA518AB12DD}"
EndProject
Project("{9A19103F-16F7-4668-BE54-9A1E7A4F7556}") = "49_Lesson_Task1", "49_Lesson_Task1\49_Lesson_Task1.csproj", "{EF8662F2-A58E-43DA-B689-A17CBE733BE6}"
EndProject
Project("{FAE04EC0-301F-11D3-BF4B-00C04F79EFBC}") = "49_Lesson_Task2", "49_Lesson_Task2\49_Lesson_Task2.csproj", "{54D489C4-CED2-4EF3-883C-0C310150EFBA}"
EndProject
Project("{FAE04EC0-301F-11D3-BF4B-00C04F79EFBC}") = "49_Lesson_Task3", "49_Lesson_Task3\49_Lesson_Task3.csproj", "{C00C4564-D7D8-49F5-9292-13723D9EC8F4}"
EndProject
Global
	GlobalSection(SolutionConfigurationPlatforms) = preSolution
		Debug|Any CPU = Debug|Any CPU
		Release|Any CPU = Release|Any CPU
	EndGlobalSection
	GlobalSection(ProjectConfigurationPlatforms) = postSolution
		{419C45AA-511C-420C-A21A-D9E618FC2A59}.Debug|Any CPU.ActiveCfg = Debug|Any CPU
		{419C45AA-511C-420C-A21A-D9E618FC2A59}.Debug|Any CPU.Build.0 = Debug|Any CPU
		{419C45AA-511C-420C-A21A-D9E618FC2A59}.Release|Any CPU.ActiveCfg = Release|Any CPU
		{419C45AA-511C-420C-A21A-D9E618FC2A59}.Release|Any CPU.Build.0 = Release|Any CPU
		{8E6D6160-11F3-4D73-BAD6-BA1883C79008}.Debug|Any CPU.ActiveCfg = Debug|Any CPU
		{8E6D6160-11F3-4D73-BAD6-BA1883C79008}.Debug|Any CPU.Build.0 = Debug|Any CPU
		{8E6D6160-11F3-4D73-BAD6-BA1883C79008}.Release|Any CPU.ActiveCfg = Release|Any CPU
		{8E6D6160-11F3-4D73-BAD6-BA1883C79008}.Release|Any CPU.Build.0 = Release|Any CPU
		{6665D4AA-73F2-47A8-B351-1165B8AC5C43}.Debug|Any CPU.ActiveCfg = Debug|Any CPU
		{6665D4AA-73F2-47A8-B351-1165B8AC5C43}.Debug|Any CPU.Build.0 = Debug|Any CPU
		{6665D4AA-73F2-47A8-B351-1165B8AC5C43}.Release|Any CPU.ActiveCfg = Release|Any CPU
		{6665D4AA-73F2-47A8-B351-1165B8AC5C43}.Release|Any CPU.Build.0 = Release|Any CPU
		{468E3E9A-5CE4-4286-AF37-AC0D99E595CB}.Debug|Any CPU.ActiveCfg = Debug|Any CPU
		{468E3E9A-5CE4-4286-AF37-AC0D99E595CB}.Debug|Any CPU.Build.0 = Debug|Any CPU
		{468E3E9A-5CE4-4286-AF37-AC0D99E595CB}.Release|Any CPU.ActiveCfg = Release|Any CPU
		{468E3E9A-5CE4-4286-AF37-AC0D99E595CB}.Release|Any CPU.Build.0 = Release|Any CPU
		{09E8476F-3585-4019-B023-F0BA1C7A0BE6}.Debug|Any CPU.ActiveCfg = Debug|Any CPU
		{09E8476F-3585-4019-B023-F0BA1C7A0BE6}.Debug|Any CPU.Build.0 = Debug|Any CPU
		{09E8476F-3585-4019-B023-F0BA1C7A0BE6}.Release|Any CPU.ActiveCfg = Release|Any CPU
		{09E8476F-3585-4019-B023-F0BA1C7A0BE6}.Release|Any CPU.Build.0 = Release|Any CPU
		{5DB0CBE4-0702-4D0F-8B50-7C7B5B1E454A}.Debug|Any CPU.ActiveCfg = Debug|Any CPU
		{5DB0CBE4-0702-4D0F-8B50-7C7B5B1E454A}.Debug|Any CPU.Build.0 = Debug|Any CPU
		{5DB0CBE4-0702-4D0F-8B50-7C7B5B1E454A}.Release|Any CPU.ActiveCfg = Release|Any CPU
		{5DB0CBE4-0702-4D0F-8B50-7C7B5B1E454A}.Release|Any CPU.Build.0 = Release|Any CPU
		{E62219CB-A9DB-48BC-97CB-349E087E8F20}.Debug|Any CPU.ActiveCfg = Debug|Any CPU
		{E62219CB-A9DB-48BC-97CB-349E087E8F20}.Debug|Any CPU.Build.0 = Debug|Any CPU
		{E62219CB-A9DB-48BC-97CB-349E087E8F20}.Release|Any CPU.ActiveCfg = Release|Any CPU
		{E62219CB-A9DB-48BC-97CB-349E087E8F20}.Release|Any CPU.Build.0 = Release|Any CPU
		{0E2BE6FE-60D9-46EF-BA6F-AAC557B4E895}.Debug|Any CPU.ActiveCfg = Debug|Any CPU
		{0E2BE6FE-60D9-46EF-BA6F-AAC557B4E895}.Debug|Any CPU.Build.0 = Debug|Any CPU
		{0E2BE6FE-60D9-46EF-BA6F-AAC557B4E895}.Release|Any CPU.ActiveCfg = Release|Any CPU
		{0E2BE6FE-60D9-46EF-BA6F-AAC557B4E895}.Release|Any CPU.Build.0 = Release|Any CPU
		{A2204B80-DF1F-4EBD-A7A6-D528F0B42D71}.Debug|Any CPU.ActiveCfg = Debug|Any CPU
		{A2204B80-DF1F-4EBD-A7A6-D528F0B42D71}.Debug|Any CPU.Build.0 = Debug|Any CPU
		{A2204B80-DF1F-4EBD-A7A6-D528F0B42D71}.Release|Any CPU.ActiveCfg = Release|Any CPU
		{A2204B80-DF1F-4EBD-A7A6-D528F0B42D71}.Release|Any CPU.Build.0 = Release|Any CPU
		{0CF2FC39-2BE4-4C0C-8CEB-56221B3C117D}.Debug|Any CPU.ActiveCfg = Debug|Any CPU
		{0CF2FC39-2BE4-4C0C-8CEB-56221B3C117D}.Debug|Any CPU.Build.0 = Debug|Any CPU
		{0CF2FC39-2BE4-4C0C-8CEB-56221B3C117D}.Release|Any CPU.ActiveCfg = Release|Any CPU
		{0CF2FC39-2BE4-4C0C-8CEB-56221B3C117D}.Release|Any CPU.Build.0 = Release|Any CPU
		{75924E90-FE71-4695-8F5F-B0FBE6F9BD0D}.Debug|Any CPU.ActiveCfg = Debug|Any CPU
		{75924E90-FE71-4695-8F5F-B0FBE6F9BD0D}.Debug|Any CPU.Build.0 = Debug|Any CPU
		{75924E90-FE71-4695-8F5F-B0FBE6F9BD0D}.Release|Any CPU.ActiveCfg = Release|Any CPU
		{75924E90-FE71-4695-8F5F-B0FBE6F9BD0D}.Release|Any CPU.Build.0 = Release|Any CPU
		{EBFDA993-3234-4DBC-952C-66693A76B93E}.Debug|Any CPU.ActiveCfg = Debug|Any CPU
		{EBFDA993-3234-4DBC-952C-66693A76B93E}.Debug|Any CPU.Build.0 = Debug|Any CPU
		{EBFDA993-3234-4DBC-952C-66693A76B93E}.Release|Any CPU.ActiveCfg = Release|Any CPU
		{EBFDA993-3234-4DBC-952C-66693A76B93E}.Release|Any CPU.Build.0 = Release|Any CPU
		{3E8195B0-9213-4ECC-B5E0-995F33398DCB}.Debug|Any CPU.ActiveCfg = Debug|Any CPU
		{3E8195B0-9213-4ECC-B5E0-995F33398DCB}.Debug|Any CPU.Build.0 = Debug|Any CPU
		{3E8195B0-9213-4ECC-B5E0-995F33398DCB}.Release|Any CPU.ActiveCfg = Release|Any CPU
		{3E8195B0-9213-4ECC-B5E0-995F33398DCB}.Release|Any CPU.Build.0 = Release|Any CPU
		{6787DDE9-F02C-43E3-8D68-473F114B37C8}.Debug|Any CPU.ActiveCfg = Debug|Any CPU
		{6787DDE9-F02C-43E3-8D68-473F114B37C8}.Debug|Any CPU.Build.0 = Debug|Any CPU
		{6787DDE9-F02C-43E3-8D68-473F114B37C8}.Release|Any CPU.ActiveCfg = Release|Any CPU
		{6787DDE9-F02C-43E3-8D68-473F114B37C8}.Release|Any CPU.Build.0 = Release|Any CPU
		{60725083-4A40-4945-B08E-EA69C33A5450}.Debug|Any CPU.ActiveCfg = Debug|Any CPU
		{60725083-4A40-4945-B08E-EA69C33A5450}.Debug|Any CPU.Build.0 = Debug|Any CPU
		{60725083-4A40-4945-B08E-EA69C33A5450}.Release|Any CPU.ActiveCfg = Release|Any CPU
		{60725083-4A40-4945-B08E-EA69C33A5450}.Release|Any CPU.Build.0 = Release|Any CPU
		{A1CF846D-2677-4B13-8002-A31C95648B23}.Debug|Any CPU.ActiveCfg = Debug|Any CPU
		{A1CF846D-2677-4B13-8002-A31C95648B23}.Debug|Any CPU.Build.0 = Debug|Any CPU
		{A1CF846D-2677-4B13-8002-A31C95648B23}.Release|Any CPU.ActiveCfg = Release|Any CPU
		{A1CF846D-2677-4B13-8002-A31C95648B23}.Release|Any CPU.Build.0 = Release|Any CPU
		{156144D0-62F9-4955-A03C-CF693BF8B6A8}.Debug|Any CPU.ActiveCfg = Debug|Any CPU
		{156144D0-62F9-4955-A03C-CF693BF8B6A8}.Debug|Any CPU.Build.0 = Debug|Any CPU
		{156144D0-62F9-4955-A03C-CF693BF8B6A8}.Release|Any CPU.ActiveCfg = Release|Any CPU
		{156144D0-62F9-4955-A03C-CF693BF8B6A8}.Release|Any CPU.Build.0 = Release|Any CPU
		{DC975F2A-94FE-4B21-9546-60BF934FEB09}.Debug|Any CPU.ActiveCfg = Debug|Any CPU
		{DC975F2A-94FE-4B21-9546-60BF934FEB09}.Debug|Any CPU.Build.0 = Debug|Any CPU
		{DC975F2A-94FE-4B21-9546-60BF934FEB09}.Release|Any CPU.ActiveCfg = Release|Any CPU
		{DC975F2A-94FE-4B21-9546-60BF934FEB09}.Release|Any CPU.Build.0 = Release|Any CPU
		{E3283C0F-56F8-4794-9198-AB11BC31CED8}.Debug|Any CPU.ActiveCfg = Debug|Any CPU
		{E3283C0F-56F8-4794-9198-AB11BC31CED8}.Debug|Any CPU.Build.0 = Debug|Any CPU
		{E3283C0F-56F8-4794-9198-AB11BC31CED8}.Release|Any CPU.ActiveCfg = Release|Any CPU
		{E3283C0F-56F8-4794-9198-AB11BC31CED8}.Release|Any CPU.Build.0 = Release|Any CPU
		{D30BF512-CD93-4AAA-B052-BB4A6FCDF0C5}.Debug|Any CPU.ActiveCfg = Debug|Any CPU
		{D30BF512-CD93-4AAA-B052-BB4A6FCDF0C5}.Debug|Any CPU.Build.0 = Debug|Any CPU
		{D30BF512-CD93-4AAA-B052-BB4A6FCDF0C5}.Release|Any CPU.ActiveCfg = Release|Any CPU
		{D30BF512-CD93-4AAA-B052-BB4A6FCDF0C5}.Release|Any CPU.Build.0 = Release|Any CPU
		{6F880538-E4B1-4161-B568-6560E7B1F754}.Debug|Any CPU.ActiveCfg = Debug|Any CPU
		{6F880538-E4B1-4161-B568-6560E7B1F754}.Debug|Any CPU.Build.0 = Debug|Any CPU
		{6F880538-E4B1-4161-B568-6560E7B1F754}.Release|Any CPU.ActiveCfg = Release|Any CPU
		{6F880538-E4B1-4161-B568-6560E7B1F754}.Release|Any CPU.Build.0 = Release|Any CPU
		{B48434A1-BC4D-4EC1-B112-DAA518AB12DD}.Debug|Any CPU.ActiveCfg = Debug|Any CPU
		{B48434A1-BC4D-4EC1-B112-DAA518AB12DD}.Debug|Any CPU.Build.0 = Debug|Any CPU
		{B48434A1-BC4D-4EC1-B112-DAA518AB12DD}.Release|Any CPU.ActiveCfg = Release|Any CPU
		{B48434A1-BC4D-4EC1-B112-DAA518AB12DD}.Release|Any CPU.Build.0 = Release|Any CPU
		{EF8662F2-A58E-43DA-B689-A17CBE733BE6}.Debug|Any CPU.ActiveCfg = Debug|Any CPU
		{EF8662F2-A58E-43DA-B689-A17CBE733BE6}.Debug|Any CPU.Build.0 = Debug|Any CPU
		{EF8662F2-A58E-43DA-B689-A17CBE733BE6}.Release|Any CPU.ActiveCfg = Release|Any CPU
		{EF8662F2-A58E-43DA-B689-A17CBE733BE6}.Release|Any CPU.Build.0 = Release|Any CPU
		{54D489C4-CED2-4EF3-883C-0C310150EFBA}.Debug|Any CPU.ActiveCfg = Debug|Any CPU
		{54D489C4-CED2-4EF3-883C-0C310150EFBA}.Debug|Any CPU.Build.0 = Debug|Any CPU
		{54D489C4-CED2-4EF3-883C-0C310150EFBA}.Release|Any CPU.ActiveCfg = Release|Any CPU
		{54D489C4-CED2-4EF3-883C-0C310150EFBA}.Release|Any CPU.Build.0 = Release|Any CPU
		{C00C4564-D7D8-49F5-9292-13723D9EC8F4}.Debug|Any CPU.ActiveCfg = Debug|Any CPU
		{C00C4564-D7D8-49F5-9292-13723D9EC8F4}.Debug|Any CPU.Build.0 = Debug|Any CPU
		{C00C4564-D7D8-49F5-9292-13723D9EC8F4}.Release|Any CPU.ActiveCfg = Release|Any CPU
		{C00C4564-D7D8-49F5-9292-13723D9EC8F4}.Release|Any CPU.Build.0 = Release|Any CPU
	EndGlobalSection
	GlobalSection(SolutionProperties) = preSolution
		HideSolutionNode = FALSE
	EndGlobalSection
	GlobalSection(ExtensibilityGlobals) = postSolution
		SolutionGuid = {10900DB5-5CF6-46BA-84D5-9C3B80EA5B94}
	EndGlobalSection
EndGlobal
